
Microsoft Visual Studio Solution File, Format Version 12.00
# Visual Studio 2013
VisualStudioVersion = 12.0.30723.0
MinimumVisualStudioVersion = 10.0.40219.1
Project("{FAE04EC0-301F-11D3-BF4B-00C04F79EFBC}") = "MPowerPayments", "MPowerPayments\MPowerPayments.csproj", "{A70FD7C8-DFAA-4E56-BA59-B21C8DF2D2AE}"
EndProject
Project("{FAE04EC0-301F-11D3-BF4B-00C04F79EFBC}") = "MPowerPayments.Tests", "MPowerPayments.Tests\MPowerPayments.Tests.csproj", "{EBC73724-FCD9-4721-8DF4-77DD373FB171}"
EndProject
Global
	GlobalSection(SolutionConfigurationPlatforms) = preSolution
		Debug|Any CPU = Debug|Any CPU
		Release|Any CPU = Release|Any CPU
	EndGlobalSection
	GlobalSection(ProjectConfigurationPlatforms) = postSolution
		{A70FD7C8-DFAA-4E56-BA59-B21C8DF2D2AE}.Debug|Any CPU.ActiveCfg = Debug|Any CPU
		{A70FD7C8-DFAA-4E56-BA59-B21C8DF2D2AE}.Debug|Any CPU.Build.0 = Debug|Any CPU
		{A70FD7C8-DFAA-4E56-BA59-B21C8DF2D2AE}.Release|Any CPU.ActiveCfg = Release|Any CPU
		{A70FD7C8-DFAA-4E56-BA59-B21C8DF2D2AE}.Release|Any CPU.Build.0 = Release|Any CPU
		{EBC73724-FCD9-4721-8DF4-77DD373FB171}.Debug|Any CPU.ActiveCfg = Debug|Any CPU
		{EBC73724-FCD9-4721-8DF4-77DD373FB171}.Debug|Any CPU.Build.0 = Debug|Any CPU
		{EBC73724-FCD9-4721-8DF4-77DD373FB171}.Release|Any CPU.ActiveCfg = Release|Any CPU
		{EBC73724-FCD9-4721-8DF4-77DD373FB171}.Release|Any CPU.Build.0 = Release|Any CPU
	EndGlobalSection
	GlobalSection(SolutionProperties) = preSolution
		HideSolutionNode = FALSE
	EndGlobalSection
	GlobalSection(MonoDevelopProperties) = preSolution
		StartupItem = MPowerPayments\MPowerPayments.csproj
	EndGlobalSection
EndGlobal
